
Microsoft Visual Studio Solution File, Format Version 12.00
# Visual Studio Version 17
VisualStudioVersion = 17.9.34616.47
MinimumVisualStudioVersion = 10.0.40219.1
Project("{9A19103F-16F7-4668-BE54-9A1E7A4F7556}") = "St10344391_CLDV621_Part1", "St10344391_CLDV621_Part1.csproj", "{F8FD0AEA-8AB8-409F-9C59-FCCEA5CEC1B0}"
EndProject
Global
	GlobalSection(SolutionConfigurationPlatforms) = preSolution
		Debug|Any CPU = Debug|Any CPU
		Release|Any CPU = Release|Any CPU
	EndGlobalSection
	GlobalSection(ProjectConfigurationPlatforms) = postSolution
		{F8FD0AEA-8AB8-409F-9C59-FCCEA5CEC1B0}.Debug|Any CPU.ActiveCfg = Debug|Any CPU
		{F8FD0AEA-8AB8-409F-9C59-FCCEA5CEC1B0}.Debug|Any CPU.Build.0 = Debug|Any CPU
		{F8FD0AEA-8AB8-409F-9C59-FCCEA5CEC1B0}.Release|Any CPU.ActiveCfg = Release|Any CPU
		{F8FD0AEA-8AB8-409F-9C59-FCCEA5CEC1B0}.Release|Any CPU.Build.0 = Release|Any CPU
	EndGlobalSection
	GlobalSection(SolutionProperties) = preSolution
		HideSolutionNode = FALSE
	EndGlobalSection
	GlobalSection(ExtensibilityGlobals) = postSolution
		SolutionGuid = {4E31B16F-E567-4BEE-86B6-D103D5C8F49D}
	EndGlobalSection
EndGlobal
